// !$*UTF8*$!
{
	archiveVersion = 1;
	classes = {
	};
	objectVersion = 55;
	objects = {

/* Begin PBXBuildFile section */
		C60F95C8267DAEE10073E46E /* User.swift in Sources */ = {isa = PBXBuildFile; fileRef = C60F95C7267DAEE10073E46E /* User.swift */; };
		C612FE85267C52E100483638 /* ClothingCell.swift in Sources */ = {isa = PBXBuildFile; fileRef = C612FE84267C52E100483638 /* ClothingCell.swift */; };
		C612FE87267C58D100483638 /* ClothingScreen.swift in Sources */ = {isa = PBXBuildFile; fileRef = C612FE86267C58D100483638 /* ClothingScreen.swift */; };
		C612FE89267C596200483638 /* ClothingFormScreen.swift in Sources */ = {isa = PBXBuildFile; fileRef = C612FE88267C596200483638 /* ClothingFormScreen.swift */; };
		C612FE8C267C5D7300483638 /* Clothing.swift in Sources */ = {isa = PBXBuildFile; fileRef = C612FE8B267C5D7300483638 /* Clothing.swift */; };
		C612FE8E267C5DF800483638 /* Color+Ext.swift in Sources */ = {isa = PBXBuildFile; fileRef = C612FE8D267C5DF800483638 /* Color+Ext.swift */; };
		C612FE91267C640600483638 /* Folder.swift in Sources */ = {isa = PBXBuildFile; fileRef = C612FE90267C640600483638 /* Folder.swift */; };
		C612FE98267C671100483638 /* FirebaseManager.swift in Sources */ = {isa = PBXBuildFile; fileRef = C612FE97267C671100483638 /* FirebaseManager.swift */; };
		C61F1C45268CEB7F0041F8E4 /* TipJarScreen.swift in Sources */ = {isa = PBXBuildFile; fileRef = C61F1C44268CEB7F0041F8E4 /* TipJarScreen.swift */; };
		C61F1C4A268D02F30041F8E4 /* UsernameScreen.swift in Sources */ = {isa = PBXBuildFile; fileRef = C61F1C49268D02F30041F8E4 /* UsernameScreen.swift */; };
		C61F1C4C268D03150041F8E4 /* EmailScreen.swift in Sources */ = {isa = PBXBuildFile; fileRef = C61F1C4B268D03150041F8E4 /* EmailScreen.swift */; };
		C61F1C4E268D03370041F8E4 /* AvatarScreen.swift in Sources */ = {isa = PBXBuildFile; fileRef = C61F1C4D268D03370041F8E4 /* AvatarScreen.swift */; };
		C61F1C50268D033E0041F8E4 /* PasswordScreen.swift in Sources */ = {isa = PBXBuildFile; fileRef = C61F1C4F268D033E0041F8E4 /* PasswordScreen.swift */; };
		C61F1C52268D036A0041F8E4 /* AboutScreen.swift in Sources */ = {isa = PBXBuildFile; fileRef = C61F1C51268D036A0041F8E4 /* AboutScreen.swift */; };
		C61F1C54268D03710041F8E4 /* NotificationsScreen.swift in Sources */ = {isa = PBXBuildFile; fileRef = C61F1C53268D03710041F8E4 /* NotificationsScreen.swift */; };
		C65B5384267536C00096230A /* ArmoireSwiftUIApp.swift in Sources */ = {isa = PBXBuildFile; fileRef = C65B5383267536C00096230A /* ArmoireSwiftUIApp.swift */; };
		C65B5388267536C20096230A /* Assets.xcassets in Resources */ = {isa = PBXBuildFile; fileRef = C65B5387267536C20096230A /* Assets.xcassets */; };
		C65B5392267537440096230A /* AppTabView.swift in Sources */ = {isa = PBXBuildFile; fileRef = C65B5391267537440096230A /* AppTabView.swift */; };
		C65B5394267537BF0096230A /* ClosetScreen.swift in Sources */ = {isa = PBXBuildFile; fileRef = C65B5393267537BF0096230A /* ClosetScreen.swift */; };
		C65B5396267539370096230A /* RunwayScreen.swift in Sources */ = {isa = PBXBuildFile; fileRef = C65B5395267539370096230A /* RunwayScreen.swift */; };
		C65B5398267539450096230A /* ProfileScreen.swift in Sources */ = {isa = PBXBuildFile; fileRef = C65B5397267539450096230A /* ProfileScreen.swift */; };
		C65B53AE26753C220096230A /* constants.swift in Sources */ = {isa = PBXBuildFile; fileRef = C65B53AD26753C220096230A /* constants.swift */; };
		C65B53B226753D5C0096230A /* FolderCell.swift in Sources */ = {isa = PBXBuildFile; fileRef = C65B53B126753D5C0096230A /* FolderCell.swift */; };
		C65B53B426753E920096230A /* ListFooterView.swift in Sources */ = {isa = PBXBuildFile; fileRef = C65B53B326753E920096230A /* ListFooterView.swift */; };
		C65B53B6267541960096230A /* FolderScreen.swift in Sources */ = {isa = PBXBuildFile; fileRef = C65B53B5267541960096230A /* FolderScreen.swift */; };
		C6691234268BFEF600F0D411 /* AMNavButton.swift in Sources */ = {isa = PBXBuildFile; fileRef = C6691233268BFEF600F0D411 /* AMNavButton.swift */; };
		C6691236268C031700F0D411 /* DescriptionScreen.swift in Sources */ = {isa = PBXBuildFile; fileRef = C6691235268C031700F0D411 /* DescriptionScreen.swift */; };
		C676CB502683D5EA003DFCEF /* SelectedImageView.swift in Sources */ = {isa = PBXBuildFile; fileRef = C676CB4F2683D5EA003DFCEF /* SelectedImageView.swift */; };
		C676CB522683D84C003DFCEF /* SourceTypeItem.swift in Sources */ = {isa = PBXBuildFile; fileRef = C676CB512683D84C003DFCEF /* SourceTypeItem.swift */; };
		C676CB542683DA97003DFCEF /* ImageViewerScreen.swift in Sources */ = {isa = PBXBuildFile; fileRef = C676CB532683DA97003DFCEF /* ImageViewerScreen.swift */; };
		C68961E8267FB8CA005DDF1D /* FirebaseAuth in Frameworks */ = {isa = PBXBuildFile; productRef = C68961E7267FB8CA005DDF1D /* FirebaseAuth */; };
		C68961EA267FB8CA005DDF1D /* FirebaseFirestore in Frameworks */ = {isa = PBXBuildFile; productRef = C68961E9267FB8CA005DDF1D /* FirebaseFirestore */; };
		C68961EC267FB8CA005DDF1D /* FirebaseFirestoreSwift-Beta in Frameworks */ = {isa = PBXBuildFile; productRef = C68961EB267FB8CA005DDF1D /* FirebaseFirestoreSwift-Beta */; };
		C68961EE267FB8CA005DDF1D /* FirebaseStorage in Frameworks */ = {isa = PBXBuildFile; productRef = C68961ED267FB8CA005DDF1D /* FirebaseStorage */; };
		C68961F0267FB9BE005DDF1D /* GoogleService-Info.plist in Resources */ = {isa = PBXBuildFile; fileRef = C68961EF267FB9BE005DDF1D /* GoogleService-Info.plist */; };
		C69490B626801A8600D24219 /* LoginViewModel.swift in Sources */ = {isa = PBXBuildFile; fileRef = C69490B526801A8600D24219 /* LoginViewModel.swift */; };
		C69490B826801A9700D24219 /* SignUpViewModel.swift in Sources */ = {isa = PBXBuildFile; fileRef = C69490B726801A9700D24219 /* SignUpViewModel.swift */; };
		C698F33B26895F3F004A8640 /* Introspect in Frameworks */ = {isa = PBXBuildFile; productRef = C698F33A26895F3F004A8640 /* Introspect */; };
		C699B91E267D305B0010571D /* ClothingFormViewModel.swift in Sources */ = {isa = PBXBuildFile; fileRef = C699B91D267D305B0010571D /* ClothingFormViewModel.swift */; };
		C699B921267D4B690010571D /* FormToolbar.swift in Sources */ = {isa = PBXBuildFile; fileRef = C699B920267D4B690010571D /* FormToolbar.swift */; };
		C699B923267D4FD10010571D /* FolderFormViewModel.swift in Sources */ = {isa = PBXBuildFile; fileRef = C699B922267D4FD10010571D /* FolderFormViewModel.swift */; };
		C699B926267D57EC0010571D /* ClothingSection.swift in Sources */ = {isa = PBXBuildFile; fileRef = C699B925267D57EC0010571D /* ClothingSection.swift */; };
		C699B929267D67410010571D /* LoginScreen.swift in Sources */ = {isa = PBXBuildFile; fileRef = C699B928267D67410010571D /* LoginScreen.swift */; };
		C699B92B267D67500010571D /* SignUpScreen.swift in Sources */ = {isa = PBXBuildFile; fileRef = C699B92A267D67500010571D /* SignUpScreen.swift */; };
		C699B92D267D67600010571D /* ResetScreen.swift in Sources */ = {isa = PBXBuildFile; fileRef = C699B92C267D67600010571D /* ResetScreen.swift */; };
		C6B4790D2682F1060078B727 /* ImagePicker.swift in Sources */ = {isa = PBXBuildFile; fileRef = C6B4790C2682F1060078B727 /* ImagePicker.swift */; };
		C6C3EF3B267710E800797CE8 /* CanvasScreen.swift in Sources */ = {isa = PBXBuildFile; fileRef = C6C3EF3A267710E800797CE8 /* CanvasScreen.swift */; };
		C6C3EF3D2677117700797CE8 /* CanvasScene.swift in Sources */ = {isa = PBXBuildFile; fileRef = C6C3EF3C2677117700797CE8 /* CanvasScene.swift */; };
		C6C3EF3F2677160800797CE8 /* CanvasToolbar.swift in Sources */ = {isa = PBXBuildFile; fileRef = C6C3EF3E2677160800797CE8 /* CanvasToolbar.swift */; };
		C6C3EF422677165300797CE8 /* CanvasViewModel.swift in Sources */ = {isa = PBXBuildFile; fileRef = C6C3EF412677165300797CE8 /* CanvasViewModel.swift */; };
		C6ED90D9267DA6A400C917D2 /* ProfileHeaderView.swift in Sources */ = {isa = PBXBuildFile; fileRef = C6ED90D8267DA6A400C917D2 /* ProfileHeaderView.swift */; };
		C6ED90DB267DA7D200C917D2 /* AccountScreen.swift in Sources */ = {isa = PBXBuildFile; fileRef = C6ED90DA267DA7D200C917D2 /* AccountScreen.swift */; };
		C6ED90DD267DAC5300C917D2 /* NavigationCell.swift in Sources */ = {isa = PBXBuildFile; fileRef = C6ED90DC267DAC5300C917D2 /* NavigationCell.swift */; };
		C6F6C07B267E74C100B6D258 /* Date+Ext.swift in Sources */ = {isa = PBXBuildFile; fileRef = C6F6C07A267E74C100B6D258 /* Date+Ext.swift */; };
		C6F6C07E267E77A600B6D258 /* Kingfisher in Frameworks */ = {isa = PBXBuildFile; productRef = C6F6C07D267E77A600B6D258 /* Kingfisher */; };
		C6FAB31E267D0A90003BDB3D /* View+Ext.swift in Sources */ = {isa = PBXBuildFile; fileRef = C6FAB31D267D0A90003BDB3D /* View+Ext.swift */; };
		C6FAB320267D12E3003BDB3D /* FolderFormScreen.swift in Sources */ = {isa = PBXBuildFile; fileRef = C6FAB31F267D12E3003BDB3D /* FolderFormScreen.swift */; };
		C6FAB322267D13B8003BDB3D /* AMButton.swift in Sources */ = {isa = PBXBuildFile; fileRef = C6FAB321267D13B8003BDB3D /* AMButton.swift */; };
		C6FAB324267D14A6003BDB3D /* AMTextField.swift in Sources */ = {isa = PBXBuildFile; fileRef = C6FAB323267D14A6003BDB3D /* AMTextField.swift */; };
/* End PBXBuildFile section */

/* Begin PBXFileReference section */
		C60F95C7267DAEE10073E46E /* User.swift */ = {isa = PBXFileReference; lastKnownFileType = sourcecode.swift; path = User.swift; sourceTree = "<group>"; };
		C612FE84267C52E100483638 /* ClothingCell.swift */ = {isa = PBXFileReference; lastKnownFileType = sourcecode.swift; path = ClothingCell.swift; sourceTree = "<group>"; };
		C612FE86267C58D100483638 /* ClothingScreen.swift */ = {isa = PBXFileReference; lastKnownFileType = sourcecode.swift; path = ClothingScreen.swift; sourceTree = "<group>"; };
		C612FE88267C596200483638 /* ClothingFormScreen.swift */ = {isa = PBXFileReference; lastKnownFileType = sourcecode.swift; path = ClothingFormScreen.swift; sourceTree = "<group>"; };
		C612FE8B267C5D7300483638 /* Clothing.swift */ = {isa = PBXFileReference; lastKnownFileType = sourcecode.swift; path = Clothing.swift; sourceTree = "<group>"; };
		C612FE8D267C5DF800483638 /* Color+Ext.swift */ = {isa = PBXFileReference; lastKnownFileType = sourcecode.swift; path = "Color+Ext.swift"; sourceTree = "<group>"; };
		C612FE90267C640600483638 /* Folder.swift */ = {isa = PBXFileReference; lastKnownFileType = sourcecode.swift; path = Folder.swift; sourceTree = "<group>"; };
		C612FE97267C671100483638 /* FirebaseManager.swift */ = {isa = PBXFileReference; lastKnownFileType = sourcecode.swift; path = FirebaseManager.swift; sourceTree = "<group>"; };
		C61F1C44268CEB7F0041F8E4 /* TipJarScreen.swift */ = {isa = PBXFileReference; lastKnownFileType = sourcecode.swift; path = TipJarScreen.swift; sourceTree = "<group>"; };
		C61F1C49268D02F30041F8E4 /* UsernameScreen.swift */ = {isa = PBXFileReference; lastKnownFileType = sourcecode.swift; path = UsernameScreen.swift; sourceTree = "<group>"; };
		C61F1C4B268D03150041F8E4 /* EmailScreen.swift */ = {isa = PBXFileReference; lastKnownFileType = sourcecode.swift; path = EmailScreen.swift; sourceTree = "<group>"; };
		C61F1C4D268D03370041F8E4 /* AvatarScreen.swift */ = {isa = PBXFileReference; lastKnownFileType = sourcecode.swift; path = AvatarScreen.swift; sourceTree = "<group>"; };
		C61F1C4F268D033E0041F8E4 /* PasswordScreen.swift */ = {isa = PBXFileReference; lastKnownFileType = sourcecode.swift; path = PasswordScreen.swift; sourceTree = "<group>"; };
		C61F1C51268D036A0041F8E4 /* AboutScreen.swift */ = {isa = PBXFileReference; lastKnownFileType = sourcecode.swift; path = AboutScreen.swift; sourceTree = "<group>"; };
		C61F1C53268D03710041F8E4 /* NotificationsScreen.swift */ = {isa = PBXFileReference; lastKnownFileType = sourcecode.swift; path = NotificationsScreen.swift; sourceTree = "<group>"; };
		C65B5380267536C00096230A /* ArmoireSwiftUI.app */ = {isa = PBXFileReference; explicitFileType = wrapper.application; includeInIndex = 0; path = ArmoireSwiftUI.app; sourceTree = BUILT_PRODUCTS_DIR; };
		C65B5383267536C00096230A /* ArmoireSwiftUIApp.swift */ = {isa = PBXFileReference; lastKnownFileType = sourcecode.swift; path = ArmoireSwiftUIApp.swift; sourceTree = "<group>"; };
		C65B5387267536C20096230A /* Assets.xcassets */ = {isa = PBXFileReference; lastKnownFileType = folder.assetcatalog; path = Assets.xcassets; sourceTree = "<group>"; };
		C65B5391267537440096230A /* AppTabView.swift */ = {isa = PBXFileReference; lastKnownFileType = sourcecode.swift; path = AppTabView.swift; sourceTree = "<group>"; };
		C65B5393267537BF0096230A /* ClosetScreen.swift */ = {isa = PBXFileReference; lastKnownFileType = sourcecode.swift; path = ClosetScreen.swift; sourceTree = "<group>"; };
		C65B5395267539370096230A /* RunwayScreen.swift */ = {isa = PBXFileReference; lastKnownFileType = sourcecode.swift; path = RunwayScreen.swift; sourceTree = "<group>"; };
		C65B5397267539450096230A /* ProfileScreen.swift */ = {isa = PBXFileReference; lastKnownFileType = sourcecode.swift; path = ProfileScreen.swift; sourceTree = "<group>"; };
		C65B53AB26753AB00096230A /* Info.plist */ = {isa = PBXFileReference; lastKnownFileType = text.plist; path = Info.plist; sourceTree = "<group>"; };
		C65B53AD26753C220096230A /* constants.swift */ = {isa = PBXFileReference; lastKnownFileType = sourcecode.swift; path = constants.swift; sourceTree = "<group>"; };
		C65B53B126753D5C0096230A /* FolderCell.swift */ = {isa = PBXFileReference; lastKnownFileType = sourcecode.swift; path = FolderCell.swift; sourceTree = "<group>"; };
		C65B53B326753E920096230A /* ListFooterView.swift */ = {isa = PBXFileReference; lastKnownFileType = sourcecode.swift; path = ListFooterView.swift; sourceTree = "<group>"; };
		C65B53B5267541960096230A /* FolderScreen.swift */ = {isa = PBXFileReference; lastKnownFileType = sourcecode.swift; path = FolderScreen.swift; sourceTree = "<group>"; };
		C6691233268BFEF600F0D411 /* AMNavButton.swift */ = {isa = PBXFileReference; lastKnownFileType = sourcecode.swift; path = AMNavButton.swift; sourceTree = "<group>"; };
		C6691235268C031700F0D411 /* DescriptionScreen.swift */ = {isa = PBXFileReference; lastKnownFileType = sourcecode.swift; path = DescriptionScreen.swift; sourceTree = "<group>"; };
		C676CB4F2683D5EA003DFCEF /* SelectedImageView.swift */ = {isa = PBXFileReference; lastKnownFileType = sourcecode.swift; path = SelectedImageView.swift; sourceTree = "<group>"; };
		C676CB512683D84C003DFCEF /* SourceTypeItem.swift */ = {isa = PBXFileReference; lastKnownFileType = sourcecode.swift; path = SourceTypeItem.swift; sourceTree = "<group>"; };
		C676CB532683DA97003DFCEF /* ImageViewerScreen.swift */ = {isa = PBXFileReference; lastKnownFileType = sourcecode.swift; path = ImageViewerScreen.swift; sourceTree = "<group>"; };
		C68961EF267FB9BE005DDF1D /* GoogleService-Info.plist */ = {isa = PBXFileReference; fileEncoding = 4; lastKnownFileType = text.plist.xml; path = "GoogleService-Info.plist"; sourceTree = "<group>"; };
		C69490B526801A8600D24219 /* LoginViewModel.swift */ = {isa = PBXFileReference; lastKnownFileType = sourcecode.swift; path = LoginViewModel.swift; sourceTree = "<group>"; };
		C69490B726801A9700D24219 /* SignUpViewModel.swift */ = {isa = PBXFileReference; lastKnownFileType = sourcecode.swift; path = SignUpViewModel.swift; sourceTree = "<group>"; };
		C699B91D267D305B0010571D /* ClothingFormViewModel.swift */ = {isa = PBXFileReference; lastKnownFileType = sourcecode.swift; path = ClothingFormViewModel.swift; sourceTree = "<group>"; };
		C699B920267D4B690010571D /* FormToolbar.swift */ = {isa = PBXFileReference; lastKnownFileType = sourcecode.swift; path = FormToolbar.swift; sourceTree = "<group>"; };
		C699B922267D4FD10010571D /* FolderFormViewModel.swift */ = {isa = PBXFileReference; lastKnownFileType = sourcecode.swift; path = FolderFormViewModel.swift; sourceTree = "<group>"; };
		C699B925267D57EC0010571D /* ClothingSection.swift */ = {isa = PBXFileReference; lastKnownFileType = sourcecode.swift; path = ClothingSection.swift; sourceTree = "<group>"; };
		C699B928267D67410010571D /* LoginScreen.swift */ = {isa = PBXFileReference; lastKnownFileType = sourcecode.swift; path = LoginScreen.swift; sourceTree = "<group>"; };
		C699B92A267D67500010571D /* SignUpScreen.swift */ = {isa = PBXFileReference; lastKnownFileType = sourcecode.swift; path = SignUpScreen.swift; sourceTree = "<group>"; };
		C699B92C267D67600010571D /* ResetScreen.swift */ = {isa = PBXFileReference; lastKnownFileType = sourcecode.swift; path = ResetScreen.swift; sourceTree = "<group>"; };
		C6B4790C2682F1060078B727 /* ImagePicker.swift */ = {isa = PBXFileReference; lastKnownFileType = sourcecode.swift; path = ImagePicker.swift; sourceTree = "<group>"; };
		C6C3EF3A267710E800797CE8 /* CanvasScreen.swift */ = {isa = PBXFileReference; lastKnownFileType = sourcecode.swift; path = CanvasScreen.swift; sourceTree = "<group>"; };
		C6C3EF3C2677117700797CE8 /* CanvasScene.swift */ = {isa = PBXFileReference; lastKnownFileType = sourcecode.swift; path = CanvasScene.swift; sourceTree = "<group>"; };
		C6C3EF3E2677160800797CE8 /* CanvasToolbar.swift */ = {isa = PBXFileReference; lastKnownFileType = sourcecode.swift; path = CanvasToolbar.swift; sourceTree = "<group>"; };
		C6C3EF412677165300797CE8 /* CanvasViewModel.swift */ = {isa = PBXFileReference; lastKnownFileType = sourcecode.swift; path = CanvasViewModel.swift; sourceTree = "<group>"; };
		C6ED90D8267DA6A400C917D2 /* ProfileHeaderView.swift */ = {isa = PBXFileReference; lastKnownFileType = sourcecode.swift; path = ProfileHeaderView.swift; sourceTree = "<group>"; };
		C6ED90DA267DA7D200C917D2 /* AccountScreen.swift */ = {isa = PBXFileReference; lastKnownFileType = sourcecode.swift; path = AccountScreen.swift; sourceTree = "<group>"; };
		C6ED90DC267DAC5300C917D2 /* NavigationCell.swift */ = {isa = PBXFileReference; lastKnownFileType = sourcecode.swift; path = NavigationCell.swift; sourceTree = "<group>"; };
		C6F6C07A267E74C100B6D258 /* Date+Ext.swift */ = {isa = PBXFileReference; lastKnownFileType = sourcecode.swift; path = "Date+Ext.swift"; sourceTree = "<group>"; };
		C6FAB31D267D0A90003BDB3D /* View+Ext.swift */ = {isa = PBXFileReference; lastKnownFileType = sourcecode.swift; path = "View+Ext.swift"; sourceTree = "<group>"; };
		C6FAB31F267D12E3003BDB3D /* FolderFormScreen.swift */ = {isa = PBXFileReference; lastKnownFileType = sourcecode.swift; path = FolderFormScreen.swift; sourceTree = "<group>"; };
		C6FAB321267D13B8003BDB3D /* AMButton.swift */ = {isa = PBXFileReference; lastKnownFileType = sourcecode.swift; path = AMButton.swift; sourceTree = "<group>"; };
		C6FAB323267D14A6003BDB3D /* AMTextField.swift */ = {isa = PBXFileReference; lastKnownFileType = sourcecode.swift; path = AMTextField.swift; sourceTree = "<group>"; };
/* End PBXFileReference section */

/* Begin PBXFrameworksBuildPhase section */
		C65B537D267536C00096230A /* Frameworks */ = {
			isa = PBXFrameworksBuildPhase;
			buildActionMask = 2147483647;
			files = (
				C6F6C07E267E77A600B6D258 /* Kingfisher in Frameworks */,
				C698F33B26895F3F004A8640 /* Introspect in Frameworks */,
				C68961EC267FB8CA005DDF1D /* FirebaseFirestoreSwift-Beta in Frameworks */,
				C68961E8267FB8CA005DDF1D /* FirebaseAuth in Frameworks */,
				C68961EE267FB8CA005DDF1D /* FirebaseStorage in Frameworks */,
				C68961EA267FB8CA005DDF1D /* FirebaseFirestore in Frameworks */,
			);
			runOnlyForDeploymentPostprocessing = 0;
		};
/* End PBXFrameworksBuildPhase section */

/* Begin PBXGroup section */
		C612FE8A267C5D6B00483638 /* Models */ = {
			isa = PBXGroup;
			children = (
				C612FE8B267C5D7300483638 /* Clothing.swift */,
				C612FE90267C640600483638 /* Folder.swift */,
				C676CB512683D84C003DFCEF /* SourceTypeItem.swift */,
				C60F95C7267DAEE10073E46E /* User.swift */,
			);
			path = Models;
			sourceTree = "<group>";
		};
		C612FE8F267C63EF00483638 /* Managers */ = {
			isa = PBXGroup;
			children = (
				C612FE97267C671100483638 /* FirebaseManager.swift */,
			);
			path = Managers;
			sourceTree = "<group>";
		};
		C612FE94267C668800483638 /* Toolbars */ = {
			isa = PBXGroup;
			children = (
				C6C3EF3E2677160800797CE8 /* CanvasToolbar.swift */,
				C699B920267D4B690010571D /* FormToolbar.swift */,
			);
			path = Toolbars;
			sourceTree = "<group>";
		};
		C612FE95267C669200483638 /* Lists */ = {
			isa = PBXGroup;
			children = (
				C65B53B326753E920096230A /* ListFooterView.swift */,
			);
			path = Lists;
			sourceTree = "<group>";
		};
		C612FE96267C66FB00483638 /* Extensions */ = {
			isa = PBXGroup;
			children = (
				C612FE8D267C5DF800483638 /* Color+Ext.swift */,
				C6F6C07A267E74C100B6D258 /* Date+Ext.swift */,
				C6FAB31D267D0A90003BDB3D /* View+Ext.swift */,
			);
			path = Extensions;
			sourceTree = "<group>";
		};
		C61F1C46268CF9B80041F8E4 /* Auth */ = {
			isa = PBXGroup;
			children = (
				C69490B526801A8600D24219 /* LoginViewModel.swift */,
				C69490B726801A9700D24219 /* SignUpViewModel.swift */,
			);
			path = Auth;
			sourceTree = "<group>";
		};
		C61F1C47268CF9BE0041F8E4 /* Closet */ = {
			isa = PBXGroup;
			children = (
				C699B91D267D305B0010571D /* ClothingFormViewModel.swift */,
				C699B922267D4FD10010571D /* FolderFormViewModel.swift */,
			);
			path = Closet;
			sourceTree = "<group>";
		};
		C61F1C48268CF9C30041F8E4 /* Runway */ = {
			isa = PBXGroup;
			children = (
				C6C3EF412677165300797CE8 /* CanvasViewModel.swift */,
			);
			path = Runway;
			sourceTree = "<group>";
		};
		C65B5377267536C00096230A = {
			isa = PBXGroup;
			children = (
				C65B5382267536C00096230A /* ArmoireSwiftUI */,
				C65B5381267536C00096230A /* Products */,
			);
			sourceTree = "<group>";
		};
		C65B5381267536C00096230A /* Products */ = {
			isa = PBXGroup;
			children = (
				C65B5380267536C00096230A /* ArmoireSwiftUI.app */,
			);
			name = Products;
			sourceTree = "<group>";
		};
		C65B5382267536C00096230A /* ArmoireSwiftUI */ = {
			isa = PBXGroup;
			children = (
				C65B5387267536C20096230A /* Assets.xcassets */,
				C68961F1267FBF4F005DDF1D /* Application */,
				C612FE8F267C63EF00483638 /* Managers */,
				C612FE8A267C5D6B00483638 /* Models */,
				C65B53A626753A4A0096230A /* Screens */,
				C65B53AC26753C190096230A /* Utilities */,
				C6C3EF402677163D00797CE8 /* View Models */,
				C65B53A526753A440096230A /* Views */,
				C65B53AB26753AB00096230A /* Info.plist */,
			);
			path = ArmoireSwiftUI;
			sourceTree = "<group>";
		};
		C65B53A526753A440096230A /* Views */ = {
			isa = PBXGroup;
			children = (
				C699B91F267D32020010571D /* Buttons */,
				C65B53B026753D190096230A /* Cells */,
				C699B924267D57DC0010571D /* Closet */,
				C699B91C267D23A70010571D /* Inputs */,
				C612FE95267C669200483638 /* Lists */,
				C65B53AA26753A6E0096230A /* Navigation */,
				C6ED90D7267DA68E00C917D2 /* Profile */,
				C612FE94267C668800483638 /* Toolbars */,
				C6B4790B2682F0FF0078B727 /* UIKit */,
			);
			path = Views;
			sourceTree = "<group>";
		};
		C65B53A626753A4A0096230A /* Screens */ = {
			isa = PBXGroup;
			children = (
				C699B927267D67380010571D /* Auth */,
				C65B53A726753A5B0096230A /* Closet */,
				C65B53A826753A5F0096230A /* Profile */,
				C65B53A926753A630096230A /* Runway */,
			);
			path = Screens;
			sourceTree = "<group>";
		};
		C65B53A726753A5B0096230A /* Closet */ = {
			isa = PBXGroup;
			children = (
				C65B5393267537BF0096230A /* ClosetScreen.swift */,
				C612FE88267C596200483638 /* ClothingFormScreen.swift */,
				C612FE86267C58D100483638 /* ClothingScreen.swift */,
				C6691235268C031700F0D411 /* DescriptionScreen.swift */,
				C6FAB31F267D12E3003BDB3D /* FolderFormScreen.swift */,
				C65B53B5267541960096230A /* FolderScreen.swift */,
				C676CB532683DA97003DFCEF /* ImageViewerScreen.swift */,
			);
			path = Closet;
			sourceTree = "<group>";
		};
		C65B53A826753A5F0096230A /* Profile */ = {
			isa = PBXGroup;
			children = (
				C61F1C51268D036A0041F8E4 /* AboutScreen.swift */,
				C6ED90DA267DA7D200C917D2 /* AccountScreen.swift */,
				C61F1C4D268D03370041F8E4 /* AvatarScreen.swift */,
				C61F1C4B268D03150041F8E4 /* EmailScreen.swift */,
				C61F1C53268D03710041F8E4 /* NotificationsScreen.swift */,
				C61F1C4F268D033E0041F8E4 /* PasswordScreen.swift */,
				C65B5397267539450096230A /* ProfileScreen.swift */,
				C61F1C44268CEB7F0041F8E4 /* TipJarScreen.swift */,
				C61F1C49268D02F30041F8E4 /* UsernameScreen.swift */,
			);
			path = Profile;
			sourceTree = "<group>";
		};
		C65B53A926753A630096230A /* Runway */ = {
			isa = PBXGroup;
			children = (
				C6C3EF3C2677117700797CE8 /* CanvasScene.swift */,
				C6C3EF3A267710E800797CE8 /* CanvasScreen.swift */,
				C65B5395267539370096230A /* RunwayScreen.swift */,
			);
			path = Runway;
			sourceTree = "<group>";
		};
		C65B53AA26753A6E0096230A /* Navigation */ = {
			isa = PBXGroup;
			children = (
				C65B5391267537440096230A /* AppTabView.swift */,
			);
			path = Navigation;
			sourceTree = "<group>";
		};
		C65B53AC26753C190096230A /* Utilities */ = {
			isa = PBXGroup;
			children = (
				C612FE96267C66FB00483638 /* Extensions */,
				C65B53AD26753C220096230A /* constants.swift */,
			);
			path = Utilities;
			sourceTree = "<group>";
		};
		C65B53B026753D190096230A /* Cells */ = {
			isa = PBXGroup;
			children = (
				C612FE84267C52E100483638 /* ClothingCell.swift */,
				C65B53B126753D5C0096230A /* FolderCell.swift */,
			);
			path = Cells;
			sourceTree = "<group>";
		};
		C68961F1267FBF4F005DDF1D /* Application */ = {
			isa = PBXGroup;
			children = (
				C68961EF267FB9BE005DDF1D /* GoogleService-Info.plist */,
				C65B5383267536C00096230A /* ArmoireSwiftUIApp.swift */,
			);
			path = Application;
			sourceTree = "<group>";
		};
		C699B91C267D23A70010571D /* Inputs */ = {
			isa = PBXGroup;
			children = (
				C6FAB323267D14A6003BDB3D /* AMTextField.swift */,
				C676CB4F2683D5EA003DFCEF /* SelectedImageView.swift */,
			);
			path = Inputs;
			sourceTree = "<group>";
		};
		C699B91F267D32020010571D /* Buttons */ = {
			isa = PBXGroup;
			children = (
				C6FAB321267D13B8003BDB3D /* AMButton.swift */,
				C6691233268BFEF600F0D411 /* AMNavButton.swift */,
			);
			path = Buttons;
			sourceTree = "<group>";
		};
		C699B924267D57DC0010571D /* Closet */ = {
			isa = PBXGroup;
			children = (
				C699B925267D57EC0010571D /* ClothingSection.swift */,
			);
			path = Closet;
			sourceTree = "<group>";
		};
		C699B927267D67380010571D /* Auth */ = {
			isa = PBXGroup;
			children = (
				C699B928267D67410010571D /* LoginScreen.swift */,
				C699B92C267D67600010571D /* ResetScreen.swift */,
				C699B92A267D67500010571D /* SignUpScreen.swift */,
			);
			path = Auth;
			sourceTree = "<group>";
		};
		C6B4790B2682F0FF0078B727 /* UIKit */ = {
			isa = PBXGroup;
			children = (
				C6B4790C2682F1060078B727 /* ImagePicker.swift */,
			);
			path = UIKit;
			sourceTree = "<group>";
		};
		C6C3EF402677163D00797CE8 /* View Models */ = {
			isa = PBXGroup;
			children = (
				C61F1C46268CF9B80041F8E4 /* Auth */,
				C61F1C47268CF9BE0041F8E4 /* Closet */,
				C61F1C48268CF9C30041F8E4 /* Runway */,
			);
			path = "View Models";
			sourceTree = "<group>";
		};
		C6ED90D7267DA68E00C917D2 /* Profile */ = {
			isa = PBXGroup;
			children = (
				C6ED90DC267DAC5300C917D2 /* NavigationCell.swift */,
				C6ED90D8267DA6A400C917D2 /* ProfileHeaderView.swift */,
			);
			path = Profile;
			sourceTree = "<group>";
		};
/* End PBXGroup section */

/* Begin PBXNativeTarget section */
		C65B537F267536C00096230A /* ArmoireSwiftUI */ = {
			isa = PBXNativeTarget;
			buildConfigurationList = C65B538E267536C20096230A /* Build configuration list for PBXNativeTarget "ArmoireSwiftUI" */;
			buildPhases = (
				C65B537C267536C00096230A /* Sources */,
				C65B537D267536C00096230A /* Frameworks */,
				C65B537E267536C00096230A /* Resources */,
			);
			buildRules = (
			);
			dependencies = (
			);
			name = ArmoireSwiftUI;
			packageProductDependencies = (
				C6F6C07D267E77A600B6D258 /* Kingfisher */,
				C68961E7267FB8CA005DDF1D /* FirebaseAuth */,
				C68961E9267FB8CA005DDF1D /* FirebaseFirestore */,
				C68961EB267FB8CA005DDF1D /* FirebaseFirestoreSwift-Beta */,
				C68961ED267FB8CA005DDF1D /* FirebaseStorage */,
				C698F33A26895F3F004A8640 /* Introspect */,
			);
			productName = ArmoireSwiftUI;
			productReference = C65B5380267536C00096230A /* ArmoireSwiftUI.app */;
			productType = "com.apple.product-type.application";
		};
/* End PBXNativeTarget section */

/* Begin PBXProject section */
		C65B5378267536C00096230A /* Project object */ = {
			isa = PBXProject;
			attributes = {
				BuildIndependentTargetsInParallel = 1;
				LastSwiftUpdateCheck = 1300;
				LastUpgradeCheck = 1300;
				TargetAttributes = {
					C65B537F267536C00096230A = {
						CreatedOnToolsVersion = 13.0;
					};
				};
			};
			buildConfigurationList = C65B537B267536C00096230A /* Build configuration list for PBXProject "ArmoireSwiftUI" */;
			compatibilityVersion = "Xcode 13.0";
			developmentRegion = en;
			hasScannedForEncodings = 0;
			knownRegions = (
				en,
				Base,
			);
			mainGroup = C65B5377267536C00096230A;
			packageReferences = (
				C6F6C07C267E77A600B6D258 /* XCRemoteSwiftPackageReference "Kingfisher" */,
				C68961E6267FB8CA005DDF1D /* XCRemoteSwiftPackageReference "firebase-ios-sdk" */,
				C698F33926895F3F004A8640 /* XCRemoteSwiftPackageReference "SwiftUI-Introspect" */,
			);
			productRefGroup = C65B5381267536C00096230A /* Products */;
			projectDirPath = "";
			projectRoot = "";
			targets = (
				C65B537F267536C00096230A /* ArmoireSwiftUI */,
			);
		};
/* End PBXProject section */

/* Begin PBXResourcesBuildPhase section */
		C65B537E267536C00096230A /* Resources */ = {
			isa = PBXResourcesBuildPhase;
			buildActionMask = 2147483647;
			files = (
				C65B5388267536C20096230A /* Assets.xcassets in Resources */,
				C68961F0267FB9BE005DDF1D /* GoogleService-Info.plist in Resources */,
			);
			runOnlyForDeploymentPostprocessing = 0;
		};
/* End PBXResourcesBuildPhase section */

/* Begin PBXSourcesBuildPhase section */
		C65B537C267536C00096230A /* Sources */ = {
			isa = PBXSourcesBuildPhase;
			buildActionMask = 2147483647;
			files = (
				C699B92B267D67500010571D /* SignUpScreen.swift in Sources */,
				C69490B826801A9700D24219 /* SignUpViewModel.swift in Sources */,
				C699B923267D4FD10010571D /* FolderFormViewModel.swift in Sources */,
				C65B5392267537440096230A /* AppTabView.swift in Sources */,
				C6ED90DB267DA7D200C917D2 /* AccountScreen.swift in Sources */,
				C676CB542683DA97003DFCEF /* ImageViewerScreen.swift in Sources */,
				C61F1C54268D03710041F8E4 /* NotificationsScreen.swift in Sources */,
				C6C3EF3F2677160800797CE8 /* CanvasToolbar.swift in Sources */,
				C65B5394267537BF0096230A /* ClosetScreen.swift in Sources */,
				C6FAB320267D12E3003BDB3D /* FolderFormScreen.swift in Sources */,
				C6C3EF422677165300797CE8 /* CanvasViewModel.swift in Sources */,
				C6C3EF3D2677117700797CE8 /* CanvasScene.swift in Sources */,
				C699B926267D57EC0010571D /* ClothingSection.swift in Sources */,
				C612FE87267C58D100483638 /* ClothingScreen.swift in Sources */,
				C61F1C52268D036A0041F8E4 /* AboutScreen.swift in Sources */,
				C61F1C4A268D02F30041F8E4 /* UsernameScreen.swift in Sources */,
				C612FE8C267C5D7300483638 /* Clothing.swift in Sources */,
				C65B5384267536C00096230A /* ArmoireSwiftUIApp.swift in Sources */,
				C6ED90DD267DAC5300C917D2 /* NavigationCell.swift in Sources */,
				C6ED90D9267DA6A400C917D2 /* ProfileHeaderView.swift in Sources */,
				C6C3EF3B267710E800797CE8 /* CanvasScreen.swift in Sources */,
				C61F1C50268D033E0041F8E4 /* PasswordScreen.swift in Sources */,
				C65B53B226753D5C0096230A /* FolderCell.swift in Sources */,
				C699B91E267D305B0010571D /* ClothingFormViewModel.swift in Sources */,
				C65B5396267539370096230A /* RunwayScreen.swift in Sources */,
				C6691234268BFEF600F0D411 /* AMNavButton.swift in Sources */,
				C612FE8E267C5DF800483638 /* Color+Ext.swift in Sources */,
				C676CB502683D5EA003DFCEF /* SelectedImageView.swift in Sources */,
				C699B921267D4B690010571D /* FormToolbar.swift in Sources */,
				C612FE98267C671100483638 /* FirebaseManager.swift in Sources */,
				C65B53B426753E920096230A /* ListFooterView.swift in Sources */,
				C61F1C4E268D03370041F8E4 /* AvatarScreen.swift in Sources */,
				C6FAB31E267D0A90003BDB3D /* View+Ext.swift in Sources */,
				C65B5398267539450096230A /* ProfileScreen.swift in Sources */,
				C65B53AE26753C220096230A /* constants.swift in Sources */,
				C6691236268C031700F0D411 /* DescriptionScreen.swift in Sources */,
				C6FAB322267D13B8003BDB3D /* AMButton.swift in Sources */,
				C699B92D267D67600010571D /* ResetScreen.swift in Sources */,
				C6FAB324267D14A6003BDB3D /* AMTextField.swift in Sources */,
				C6F6C07B267E74C100B6D258 /* Date+Ext.swift in Sources */,
				C65B53B6267541960096230A /* FolderScreen.swift in Sources */,
				C612FE85267C52E100483638 /* ClothingCell.swift in Sources */,
				C60F95C8267DAEE10073E46E /* User.swift in Sources */,
				C612FE89267C596200483638 /* ClothingFormScreen.swift in Sources */,
				C61F1C45268CEB7F0041F8E4 /* TipJarScreen.swift in Sources */,
				C676CB522683D84C003DFCEF /* SourceTypeItem.swift in Sources */,
				C61F1C4C268D03150041F8E4 /* EmailScreen.swift in Sources */,
				C612FE91267C640600483638 /* Folder.swift in Sources */,
				C6B4790D2682F1060078B727 /* ImagePicker.swift in Sources */,
				C69490B626801A8600D24219 /* LoginViewModel.swift in Sources */,
				C699B929267D67410010571D /* LoginScreen.swift in Sources */,
			);
			runOnlyForDeploymentPostprocessing = 0;
		};
/* End PBXSourcesBuildPhase section */

/* Begin XCBuildConfiguration section */
		C65B538C267536C20096230A /* Debug */ = {
			isa = XCBuildConfiguration;
			buildSettings = {
				ALWAYS_SEARCH_USER_PATHS = NO;
				CLANG_ANALYZER_NONNULL = YES;
				CLANG_ANALYZER_NUMBER_OBJECT_CONVERSION = YES_AGGRESSIVE;
				CLANG_CXX_LANGUAGE_STANDARD = "gnu++14";
				CLANG_CXX_LIBRARY = "libc++";
				CLANG_ENABLE_MODULES = YES;
				CLANG_ENABLE_OBJC_ARC = YES;
				CLANG_ENABLE_OBJC_WEAK = YES;
				CLANG_WARN_BLOCK_CAPTURE_AUTORELEASING = YES;
				CLANG_WARN_BOOL_CONVERSION = YES;
				CLANG_WARN_COMMA = YES;
				CLANG_WARN_CONSTANT_CONVERSION = YES;
				CLANG_WARN_DEPRECATED_OBJC_IMPLEMENTATIONS = YES;
				CLANG_WARN_DIRECT_OBJC_ISA_USAGE = YES_ERROR;
				CLANG_WARN_DOCUMENTATION_COMMENTS = YES;
				CLANG_WARN_EMPTY_BODY = YES;
				CLANG_WARN_ENUM_CONVERSION = YES;
				CLANG_WARN_INFINITE_RECURSION = YES;
				CLANG_WARN_INT_CONVERSION = YES;
				CLANG_WARN_NON_LITERAL_NULL_CONVERSION = YES;
				CLANG_WARN_OBJC_IMPLICIT_RETAIN_SELF = YES;
				CLANG_WARN_OBJC_LITERAL_CONVERSION = YES;
				CLANG_WARN_OBJC_ROOT_CLASS = YES_ERROR;
				CLANG_WARN_QUOTED_INCLUDE_IN_FRAMEWORK_HEADER = YES;
				CLANG_WARN_RANGE_LOOP_ANALYSIS = YES;
				CLANG_WARN_STRICT_PROTOTYPES = YES;
				CLANG_WARN_SUSPICIOUS_MOVE = YES;
				CLANG_WARN_UNGUARDED_AVAILABILITY = YES_AGGRESSIVE;
				CLANG_WARN_UNREACHABLE_CODE = YES;
				CLANG_WARN__DUPLICATE_METHOD_MATCH = YES;
				COPY_PHASE_STRIP = NO;
				DEBUG_INFORMATION_FORMAT = dwarf;
				ENABLE_STRICT_OBJC_MSGSEND = YES;
				ENABLE_TESTABILITY = YES;
				GCC_C_LANGUAGE_STANDARD = gnu11;
				GCC_DYNAMIC_NO_PIC = NO;
				GCC_NO_COMMON_BLOCKS = YES;
				GCC_OPTIMIZATION_LEVEL = 0;
				GCC_PREPROCESSOR_DEFINITIONS = (
					"DEBUG=1",
					"$(inherited)",
				);
				GCC_WARN_64_TO_32_BIT_CONVERSION = YES;
				GCC_WARN_ABOUT_RETURN_TYPE = YES_ERROR;
				GCC_WARN_UNDECLARED_SELECTOR = YES;
				GCC_WARN_UNINITIALIZED_AUTOS = YES_AGGRESSIVE;
				GCC_WARN_UNUSED_FUNCTION = YES;
				GCC_WARN_UNUSED_VARIABLE = YES;
				IPHONEOS_DEPLOYMENT_TARGET = 15.0;
				MTL_ENABLE_DEBUG_INFO = INCLUDE_SOURCE;
				MTL_FAST_MATH = YES;
				ONLY_ACTIVE_ARCH = YES;
				SDKROOT = iphoneos;
				SWIFT_ACTIVE_COMPILATION_CONDITIONS = DEBUG;
				SWIFT_OPTIMIZATION_LEVEL = "-Onone";
			};
			name = Debug;
		};
		C65B538D267536C20096230A /* Release */ = {
			isa = XCBuildConfiguration;
			buildSettings = {
				ALWAYS_SEARCH_USER_PATHS = NO;
				CLANG_ANALYZER_NONNULL = YES;
				CLANG_ANALYZER_NUMBER_OBJECT_CONVERSION = YES_AGGRESSIVE;
				CLANG_CXX_LANGUAGE_STANDARD = "gnu++14";
				CLANG_CXX_LIBRARY = "libc++";
				CLANG_ENABLE_MODULES = YES;
				CLANG_ENABLE_OBJC_ARC = YES;
				CLANG_ENABLE_OBJC_WEAK = YES;
				CLANG_WARN_BLOCK_CAPTURE_AUTORELEASING = YES;
				CLANG_WARN_BOOL_CONVERSION = YES;
				CLANG_WARN_COMMA = YES;
				CLANG_WARN_CONSTANT_CONVERSION = YES;
				CLANG_WARN_DEPRECATED_OBJC_IMPLEMENTATIONS = YES;
				CLANG_WARN_DIRECT_OBJC_ISA_USAGE = YES_ERROR;
				CLANG_WARN_DOCUMENTATION_COMMENTS = YES;
				CLANG_WARN_EMPTY_BODY = YES;
				CLANG_WARN_ENUM_CONVERSION = YES;
				CLANG_WARN_INFINITE_RECURSION = YES;
				CLANG_WARN_INT_CONVERSION = YES;
				CLANG_WARN_NON_LITERAL_NULL_CONVERSION = YES;
				CLANG_WARN_OBJC_IMPLICIT_RETAIN_SELF = YES;
				CLANG_WARN_OBJC_LITERAL_CONVERSION = YES;
				CLANG_WARN_OBJC_ROOT_CLASS = YES_ERROR;
				CLANG_WARN_QUOTED_INCLUDE_IN_FRAMEWORK_HEADER = YES;
				CLANG_WARN_RANGE_LOOP_ANALYSIS = YES;
				CLANG_WARN_STRICT_PROTOTYPES = YES;
				CLANG_WARN_SUSPICIOUS_MOVE = YES;
				CLANG_WARN_UNGUARDED_AVAILABILITY = YES_AGGRESSIVE;
				CLANG_WARN_UNREACHABLE_CODE = YES;
				CLANG_WARN__DUPLICATE_METHOD_MATCH = YES;
				COPY_PHASE_STRIP = NO;
				DEBUG_INFORMATION_FORMAT = "dwarf-with-dsym";
				ENABLE_NS_ASSERTIONS = NO;
				ENABLE_STRICT_OBJC_MSGSEND = YES;
				GCC_C_LANGUAGE_STANDARD = gnu11;
				GCC_NO_COMMON_BLOCKS = YES;
				GCC_WARN_64_TO_32_BIT_CONVERSION = YES;
				GCC_WARN_ABOUT_RETURN_TYPE = YES_ERROR;
				GCC_WARN_UNDECLARED_SELECTOR = YES;
				GCC_WARN_UNINITIALIZED_AUTOS = YES_AGGRESSIVE;
				GCC_WARN_UNUSED_FUNCTION = YES;
				GCC_WARN_UNUSED_VARIABLE = YES;
				IPHONEOS_DEPLOYMENT_TARGET = 15.0;
				MTL_ENABLE_DEBUG_INFO = NO;
				MTL_FAST_MATH = YES;
				SDKROOT = iphoneos;
				SWIFT_COMPILATION_MODE = wholemodule;
				SWIFT_OPTIMIZATION_LEVEL = "-O";
				VALIDATE_PRODUCT = YES;
			};
			name = Release;
		};
		C65B538F267536C20096230A /* Debug */ = {
			isa = XCBuildConfiguration;
			buildSettings = {
				ASSETCATALOG_COMPILER_APPICON_NAME = AppIcon;
				ASSETCATALOG_COMPILER_GLOBAL_ACCENT_COLOR_NAME = AccentColor;
				CODE_SIGN_STYLE = Automatic;
				CURRENT_PROJECT_VERSION = 1;
				DEVELOPMENT_TEAM = DU8BZ7Q774;
				ENABLE_PREVIEWS = YES;
				GENERATE_INFOPLIST_FILE = YES;
				INFOPLIST_FILE = ArmoireSwiftUI/Info.plist;
				INFOPLIST_KEY_CFBundleExecutable = ArmoireSwiftUI;
				INFOPLIST_KEY_CFBundleName = ArmoireSwiftUI;
				INFOPLIST_KEY_CFBundleVersion = 1;
				INFOPLIST_KEY_UIApplicationSceneManifest_Generation = YES;
				INFOPLIST_KEY_UIApplicationSupportsIndirectInputEvents = YES;
				INFOPLIST_KEY_UISupportedInterfaceOrientations_iPad = "UIInterfaceOrientationPortrait UIInterfaceOrientationPortraitUpsideDown UIInterfaceOrientationLandscapeLeft UIInterfaceOrientationLandscapeRight";
				INFOPLIST_KEY_UISupportedInterfaceOrientations_iPhone = "UIInterfaceOrientationPortrait UIInterfaceOrientationLandscapeLeft UIInterfaceOrientationLandscapeRight";
				IPHONEOS_DEPLOYMENT_TARGET = 15.0;
				LD_RUNPATH_SEARCH_PATHS = (
					"$(inherited)",
					"@executable_path/Frameworks",
				);
				MARKETING_VERSION = 1.0;
				PRODUCT_BUNDLE_IDENTIFIER = com.jerryturcios.ArmoireSwiftUI;
				PRODUCT_NAME = "$(TARGET_NAME)";
				SWIFT_EMIT_LOC_STRINGS = YES;
				SWIFT_VERSION = 5.0;
				TARGETED_DEVICE_FAMILY = "1,2";
			};
			name = Debug;
		};
		C65B5390267536C20096230A /* Release */ = {
			isa = XCBuildConfiguration;
			buildSettings = {
				ASSETCATALOG_COMPILER_APPICON_NAME = AppIcon;
				ASSETCATALOG_COMPILER_GLOBAL_ACCENT_COLOR_NAME = AccentColor;
				CODE_SIGN_STYLE = Automatic;
				CURRENT_PROJECT_VERSION = 1;
				DEVELOPMENT_TEAM = DU8BZ7Q774;
				ENABLE_PREVIEWS = YES;
				GENERATE_INFOPLIST_FILE = YES;
				INFOPLIST_FILE = ArmoireSwiftUI/Info.plist;
				INFOPLIST_KEY_CFBundleExecutable = ArmoireSwiftUI;
				INFOPLIST_KEY_CFBundleName = ArmoireSwiftUI;
				INFOPLIST_KEY_CFBundleVersion = 1;
				INFOPLIST_KEY_UIApplicationSceneManifest_Generation = YES;
				INFOPLIST_KEY_UIApplicationSupportsIndirectInputEvents = YES;
				INFOPLIST_KEY_UISupportedInterfaceOrientations_iPad = "UIInterfaceOrientationPortrait UIInterfaceOrientationPortraitUpsideDown UIInterfaceOrientationLandscapeLeft UIInterfaceOrientationLandscapeRight";
				INFOPLIST_KEY_UISupportedInterfaceOrientations_iPhone = "UIInterfaceOrientationPortrait UIInterfaceOrientationLandscapeLeft UIInterfaceOrientationLandscapeRight";
				IPHONEOS_DEPLOYMENT_TARGET = 15.0;
				LD_RUNPATH_SEARCH_PATHS = (
					"$(inherited)",
					"@executable_path/Frameworks",
				);
				MARKETING_VERSION = 1.0;
				PRODUCT_BUNDLE_IDENTIFIER = com.jerryturcios.ArmoireSwiftUI;
				PRODUCT_NAME = "$(TARGET_NAME)";
				SWIFT_EMIT_LOC_STRINGS = YES;
				SWIFT_VERSION = 5.0;
				TARGETED_DEVICE_FAMILY = "1,2";
			};
			name = Release;
		};
/* End XCBuildConfiguration section */

/* Begin XCConfigurationList section */
		C65B537B267536C00096230A /* Build configuration list for PBXProject "ArmoireSwiftUI" */ = {
			isa = XCConfigurationList;
			buildConfigurations = (
				C65B538C267536C20096230A /* Debug */,
				C65B538D267536C20096230A /* Release */,
			);
			defaultConfigurationIsVisible = 0;
			defaultConfigurationName = Release;
		};
		C65B538E267536C20096230A /* Build configuration list for PBXNativeTarget "ArmoireSwiftUI" */ = {
			isa = XCConfigurationList;
			buildConfigurations = (
				C65B538F267536C20096230A /* Debug */,
				C65B5390267536C20096230A /* Release */,
			);
			defaultConfigurationIsVisible = 0;
			defaultConfigurationName = Release;
		};
/* End XCConfigurationList section */

/* Begin XCRemoteSwiftPackageReference section */
		C68961E6267FB8CA005DDF1D /* XCRemoteSwiftPackageReference "firebase-ios-sdk" */ = {
			isa = XCRemoteSwiftPackageReference;
			repositoryURL = "https://github.com/firebase/firebase-ios-sdk.git";
			requirement = {
				kind = upToNextMajorVersion;
				minimumVersion = 7.0.0;
			};
		};
		C698F33926895F3F004A8640 /* XCRemoteSwiftPackageReference "SwiftUI-Introspect" */ = {
			isa = XCRemoteSwiftPackageReference;
			repositoryURL = "https://github.com/siteline/SwiftUI-Introspect.git";
			requirement = {
				kind = upToNextMajorVersion;
				minimumVersion = 0.1.3;
			};
		};
		C6F6C07C267E77A600B6D258 /* XCRemoteSwiftPackageReference "Kingfisher" */ = {
			isa = XCRemoteSwiftPackageReference;
			repositoryURL = "https://github.com/onevcat/Kingfisher.git";
			requirement = {
				kind = upToNextMajorVersion;
				minimumVersion = 6.0.0;
			};
		};
/* End XCRemoteSwiftPackageReference section */

/* Begin XCSwiftPackageProductDependency section */
		C68961E7267FB8CA005DDF1D /* FirebaseAuth */ = {
			isa = XCSwiftPackageProductDependency;
			package = C68961E6267FB8CA005DDF1D /* XCRemoteSwiftPackageReference "firebase-ios-sdk" */;
			productName = FirebaseAuth;
		};
		C68961E9267FB8CA005DDF1D /* FirebaseFirestore */ = {
			isa = XCSwiftPackageProductDependency;
			package = C68961E6267FB8CA005DDF1D /* XCRemoteSwiftPackageReference "firebase-ios-sdk" */;
			productName = FirebaseFirestore;
		};
		C68961EB267FB8CA005DDF1D /* FirebaseFirestoreSwift-Beta */ = {
			isa = XCSwiftPackageProductDependency;
			package = C68961E6267FB8CA005DDF1D /* XCRemoteSwiftPackageReference "firebase-ios-sdk" */;
			productName = "FirebaseFirestoreSwift-Beta";
		};
		C68961ED267FB8CA005DDF1D /* FirebaseStorage */ = {
			isa = XCSwiftPackageProductDependency;
			package = C68961E6267FB8CA005DDF1D /* XCRemoteSwiftPackageReference "firebase-ios-sdk" */;
			productName = FirebaseStorage;
		};
		C698F33A26895F3F004A8640 /* Introspect */ = {
			isa = XCSwiftPackageProductDependency;
			package = C698F33926895F3F004A8640 /* XCRemoteSwiftPackageReference "SwiftUI-Introspect" */;
			productName = Introspect;
		};
		C6F6C07D267E77A600B6D258 /* Kingfisher */ = {
			isa = XCSwiftPackageProductDependency;
			package = C6F6C07C267E77A600B6D258 /* XCRemoteSwiftPackageReference "Kingfisher" */;
			productName = Kingfisher;
		};
/* End XCSwiftPackageProductDependency section */
	};
	rootObject = C65B5378267536C00096230A /* Project object */;
}
